Microsoft Visual Studio Solution File, Format Version 12.00
# Visual Studio Version 17
VisualStudioVersion = 17.5.2.0
MinimumVisualStudioVersion = 10.0.40219.1
Project("{FAE04EC0-301F-11D3-BF4B-00C04F79EFBC}") = "ConsAppPoligoni", "ConsAppPoligoni.csproj", "{6DC532B6-4710-8C7D-1AFC-4966E142FD21}"
EndProject
Global
	GlobalSection(SolutionConfigurationPlatforms) = preSolution
		Debug|Any CPU = Debug|Any CPU
		Release|Any CPU = Release|Any CPU
	EndGlobalSection
	GlobalSection(ProjectConfigurationPlatforms) = postSolution
		{6DC532B6-4710-8C7D-1AFC-4966E142FD21}.Debug|Any CPU.ActiveCfg = Debug|Any CPU
		{6DC532B6-4710-8C7D-1AFC-4966E142FD21}.Debug|Any CPU.Build.0 = Debug|Any CPU
		{6DC532B6-4710-8C7D-1AFC-4966E142FD21}.Release|Any CPU.ActiveCfg = Release|Any CPU
		{6DC532B6-4710-8C7D-1AFC-4966E142FD21}.Release|Any CPU.Build.0 = Release|Any CPU
	EndGlobalSection
	GlobalSection(SolutionProperties) = preSolution
		HideSolutionNode = FALSE
	EndGlobalSection
	GlobalSection(ExtensibilityGlobals) = postSolution
		SolutionGuid = {5257628C-C66A-47C5-B38F-04CA455807AF}
	EndGlobalSection
EndGlobal
