<Solution>
  <Folder Name="/tests/">
    <Project Path="tests/CorsoGestioneDB.Application.Tests/CorsoGestioneDB.Application.Tests.csproj" />
  </Folder>
  <Project Path="src/CorsoGestioneDB.Abstractions/CorsoGestioneDB.Abstractions.csproj" />
  <Project Path="src/CorsoGestioneDB.Application/CorsoGestioneDB.Application.csproj" />
  <Project Path="src/CorsoGestioneDB.Console/CorsoGestioneDB.Console.csproj" />
  <Project Path="src/CorsoGestioneDB.Domain/CorsoGestioneDB.Domain.csproj" />
  <Project Path="src/CorsoGestioneDB.Infrastructure/CorsoGestioneDB.Infrastructure.csproj" />
</Solution>
